
Microsoft Visual Studio Solution File, Format Version 12.00
# Visual Studio Version 17
VisualStudioVersion = 17.7.34003.232
MinimumVisualStudioVersion = 10.0.40219.1
Project("{FAE04EC0-301F-11D3-BF4B-00C04F79EFBC}") = "LienKet_CSDL", "LienKet_CSDL.csproj", "{31C9F7A8-451F-49C9-A79E-D0CD96615D0D}"
EndProject
Global
	GlobalSection(SolutionConfigurationPlatforms) = preSolution
		Debug|Any CPU = Debug|Any CPU
		Release|Any CPU = Release|Any CPU
	EndGlobalSection
	GlobalSection(ProjectConfigurationPlatforms) = postSolution
		{31C9F7A8-451F-49C9-A79E-D0CD96615D0D}.Debug|Any CPU.ActiveCfg = Debug|Any CPU
		{31C9F7A8-451F-49C9-A79E-D0CD96615D0D}.Debug|Any CPU.Build.0 = Debug|Any CPU
		{31C9F7A8-451F-49C9-A79E-D0CD96615D0D}.Release|Any CPU.ActiveCfg = Release|Any CPU
		{31C9F7A8-451F-49C9-A79E-D0CD96615D0D}.Release|Any CPU.Build.0 = Release|Any CPU
	EndGlobalSection
	GlobalSection(SolutionProperties) = preSolution
		HideSolutionNode = FALSE
	EndGlobalSection
	GlobalSection(ExtensibilityGlobals) = postSolution
		SolutionGuid = {2E02F1C2-743D-4AE4-9322-91E40734315B}
	EndGlobalSection
EndGlobal
